
Microsoft Visual Studio Solution File, Format Version 12.00
# Visual Studio Version 17
VisualStudioVersion = 17.13.35931.197 d17.13
MinimumVisualStudioVersion = 10.0.40219.1
Project("{FAE04EC0-301F-11D3-BF4B-00C04F79EFBC}") = "TimesheetGenerator", "TimesheetGenerator\TimesheetGenerator.csproj", "{C1AAACD8-EFE2-4E76-8269-D28E26F22995}"
EndProject
Global
	GlobalSection(SolutionConfigurationPlatforms) = preSolution
		Debug|Any CPU = Debug|Any CPU
		Release|Any CPU = Release|Any CPU
	EndGlobalSection
	GlobalSection(ProjectConfigurationPlatforms) = postSolution
		{C1AAACD8-EFE2-4E76-8269-D28E26F22995}.Debug|Any CPU.ActiveCfg = Debug|Any CPU
		{C1AAACD8-EFE2-4E76-8269-D28E26F22995}.Debug|Any CPU.Build.0 = Debug|Any CPU
		{C1AAACD8-EFE2-4E76-8269-D28E26F22995}.Release|Any CPU.ActiveCfg = Release|Any CPU
		{C1AAACD8-EFE2-4E76-8269-D28E26F22995}.Release|Any CPU.Build.0 = Release|Any CPU
	EndGlobalSection
	GlobalSection(SolutionProperties) = preSolution
		HideSolutionNode = FALSE
	EndGlobalSection
	GlobalSection(ExtensibilityGlobals) = postSolution
		SolutionGuid = {855033A1-017F-45D9-BC6A-1564B9F78AAF}
	EndGlobalSection
EndGlobal
