
Microsoft Visual Studio Solution File, Format Version 12.00
# Visual Studio Version 17
VisualStudioVersion = 17.10.35122.118
MinimumVisualStudioVersion = 10.0.40219.1
Project("{9A19103F-16F7-4668-BE54-9A1E7A4F7556}") = "AutoScheduler.API", "AutoSchedulerAPI\AutoScheduler.API.csproj", "{64BFB48A-6427-4529-B57B-1CC9AB15A589}"
EndProject
Project("{9A19103F-16F7-4668-BE54-9A1E7A4F7556}") = "AutoScheduler.Data", "AutoSchedulerData\AutoScheduler.Data.csproj", "{8945FB5E-365E-4553-865D-07BA2670D094}"
EndProject
Project("{9A19103F-16F7-4668-BE54-9A1E7A4F7556}") = "AutoScheduler.Application", "AutoSchedulerApplication\AutoScheduler.Application.csproj", "{D5632F0A-FBFF-4740-BACD-D8B20A340DCC}"
EndProject
Global
	GlobalSection(SolutionConfigurationPlatforms) = preSolution
		Debug|Any CPU = Debug|Any CPU
		Release|Any CPU = Release|Any CPU
	EndGlobalSection
	GlobalSection(ProjectConfigurationPlatforms) = postSolution
		{64BFB48A-6427-4529-B57B-1CC9AB15A589}.Debug|Any CPU.ActiveCfg = Debug|Any CPU
		{64BFB48A-6427-4529-B57B-1CC9AB15A589}.Debug|Any CPU.Build.0 = Debug|Any CPU
		{64BFB48A-6427-4529-B57B-1CC9AB15A589}.Release|Any CPU.ActiveCfg = Release|Any CPU
		{64BFB48A-6427-4529-B57B-1CC9AB15A589}.Release|Any CPU.Build.0 = Release|Any CPU
		{8945FB5E-365E-4553-865D-07BA2670D094}.Debug|Any CPU.ActiveCfg = Debug|Any CPU
		{8945FB5E-365E-4553-865D-07BA2670D094}.Debug|Any CPU.Build.0 = Debug|Any CPU
		{8945FB5E-365E-4553-865D-07BA2670D094}.Release|Any CPU.ActiveCfg = Release|Any CPU
		{8945FB5E-365E-4553-865D-07BA2670D094}.Release|Any CPU.Build.0 = Release|Any CPU
		{D5632F0A-FBFF-4740-BACD-D8B20A340DCC}.Debug|Any CPU.ActiveCfg = Debug|Any CPU
		{D5632F0A-FBFF-4740-BACD-D8B20A340DCC}.Debug|Any CPU.Build.0 = Debug|Any CPU
		{D5632F0A-FBFF-4740-BACD-D8B20A340DCC}.Release|Any CPU.ActiveCfg = Release|Any CPU
		{D5632F0A-FBFF-4740-BACD-D8B20A340DCC}.Release|Any CPU.Build.0 = Release|Any CPU
	EndGlobalSection
	GlobalSection(SolutionProperties) = preSolution
		HideSolutionNode = FALSE
	EndGlobalSection
	GlobalSection(ExtensibilityGlobals) = postSolution
		SolutionGuid = {7691E580-BC1E-42A4-8E5D-31D8554334CB}
	EndGlobalSection
EndGlobal
